
Microsoft Visual Studio Solution File, Format Version 12.00
# Visual Studio 15
VisualStudioVersion = 15.0.28010.2003
MinimumVisualStudioVersion = 10.0.40219.1
Project("{9A19103F-16F7-4668-BE54-9A1E7A4F7556}") = "PreOrclApi", "FamaciasApi\PreOrclApi.csproj", "{C8E7668E-1746-4F72-BE5C-3D8DE7D03446}"
EndProject
Project("{9A19103F-16F7-4668-BE54-9A1E7A4F7556}") = "Common.Entity", "Common\Common.Entity.csproj", "{D4BC22D8-2243-455A-A736-43B4A561F836}"
EndProject
Project("{9A19103F-16F7-4668-BE54-9A1E7A4F7556}") = "Data", "Data\Data.csproj", "{DAF6D079-6429-472F-90D2-CE57ADD41AAA}"
EndProject
Project("{9A19103F-16F7-4668-BE54-9A1E7A4F7556}") = "PreOrclApiTest", "PreOrclApiTest\PreOrclApiTest.csproj", "{FCD929F1-4F87-4999-9379-615D256BDCD8}"
EndProject
Project("{9A19103F-16F7-4668-BE54-9A1E7A4F7556}") = "Common.BOL", "Common.BOL\Common.BOL.csproj", "{FD5D95F5-7AD1-4716-8CCF-943F3542EC45}"
EndProject
Project("{9A19103F-16F7-4668-BE54-9A1E7A4F7556}") = "PreOrclFrontEnd", "PreOrclFrontEnd\PreOrclFrontEnd.csproj", "{146A134D-1BAB-4E66-AD40-E31550F6F03D}"
EndProject
Project("{2150E333-8FDC-42A3-9474-1A3956D46DE8}") = "BackEnd", "BackEnd", "{E663B36B-5DD9-4C4E-99F3-7255774E57AA}"
EndProject
Project("{2150E333-8FDC-42A3-9474-1A3956D46DE8}") = "FrontEnd", "FrontEnd", "{096B4F1D-05D7-431A-A84D-89CF743BA1B8}"
EndProject
Global
	GlobalSection(SolutionConfigurationPlatforms) = preSolution
		Debug|Any CPU = Debug|Any CPU
		Release|Any CPU = Release|Any CPU
	EndGlobalSection
	GlobalSection(ProjectConfigurationPlatforms) = postSolution
		{C8E7668E-1746-4F72-BE5C-3D8DE7D03446}.Debug|Any CPU.ActiveCfg = Debug|Any CPU
		{C8E7668E-1746-4F72-BE5C-3D8DE7D03446}.Debug|Any CPU.Build.0 = Debug|Any CPU
		{C8E7668E-1746-4F72-BE5C-3D8DE7D03446}.Release|Any CPU.ActiveCfg = Release|Any CPU
		{C8E7668E-1746-4F72-BE5C-3D8DE7D03446}.Release|Any CPU.Build.0 = Release|Any CPU
		{D4BC22D8-2243-455A-A736-43B4A561F836}.Debug|Any CPU.ActiveCfg = Debug|Any CPU
		{D4BC22D8-2243-455A-A736-43B4A561F836}.Debug|Any CPU.Build.0 = Debug|Any CPU
		{D4BC22D8-2243-455A-A736-43B4A561F836}.Release|Any CPU.ActiveCfg = Release|Any CPU
		{D4BC22D8-2243-455A-A736-43B4A561F836}.Release|Any CPU.Build.0 = Release|Any CPU
		{DAF6D079-6429-472F-90D2-CE57ADD41AAA}.Debug|Any CPU.ActiveCfg = Debug|Any CPU
		{DAF6D079-6429-472F-90D2-CE57ADD41AAA}.Debug|Any CPU.Build.0 = Debug|Any CPU
		{DAF6D079-6429-472F-90D2-CE57ADD41AAA}.Release|Any CPU.ActiveCfg = Release|Any CPU
		{DAF6D079-6429-472F-90D2-CE57ADD41AAA}.Release|Any CPU.Build.0 = Release|Any CPU
		{FCD929F1-4F87-4999-9379-615D256BDCD8}.Debug|Any CPU.ActiveCfg = Debug|Any CPU
		{FCD929F1-4F87-4999-9379-615D256BDCD8}.Debug|Any CPU.Build.0 = Debug|Any CPU
		{FCD929F1-4F87-4999-9379-615D256BDCD8}.Release|Any CPU.ActiveCfg = Release|Any CPU
		{FCD929F1-4F87-4999-9379-615D256BDCD8}.Release|Any CPU.Build.0 = Release|Any CPU
		{FD5D95F5-7AD1-4716-8CCF-943F3542EC45}.Debug|Any CPU.ActiveCfg = Debug|Any CPU
		{FD5D95F5-7AD1-4716-8CCF-943F3542EC45}.Debug|Any CPU.Build.0 = Debug|Any CPU
		{FD5D95F5-7AD1-4716-8CCF-943F3542EC45}.Release|Any CPU.ActiveCfg = Release|Any CPU
		{FD5D95F5-7AD1-4716-8CCF-943F3542EC45}.Release|Any CPU.Build.0 = Release|Any CPU
		{146A134D-1BAB-4E66-AD40-E31550F6F03D}.Debug|Any CPU.ActiveCfg = Debug|Any CPU
		{146A134D-1BAB-4E66-AD40-E31550F6F03D}.Debug|Any CPU.Build.0 = Debug|Any CPU
		{146A134D-1BAB-4E66-AD40-E31550F6F03D}.Release|Any CPU.ActiveCfg = Release|Any CPU
		{146A134D-1BAB-4E66-AD40-E31550F6F03D}.Release|Any CPU.Build.0 = Release|Any CPU
	EndGlobalSection
	GlobalSection(SolutionProperties) = preSolution
		HideSolutionNode = FALSE
	EndGlobalSection
	GlobalSection(NestedProjects) = preSolution
		{C8E7668E-1746-4F72-BE5C-3D8DE7D03446} = {E663B36B-5DD9-4C4E-99F3-7255774E57AA}
		{D4BC22D8-2243-455A-A736-43B4A561F836} = {E663B36B-5DD9-4C4E-99F3-7255774E57AA}
		{DAF6D079-6429-472F-90D2-CE57ADD41AAA} = {E663B36B-5DD9-4C4E-99F3-7255774E57AA}
		{FCD929F1-4F87-4999-9379-615D256BDCD8} = {E663B36B-5DD9-4C4E-99F3-7255774E57AA}
		{FD5D95F5-7AD1-4716-8CCF-943F3542EC45} = {E663B36B-5DD9-4C4E-99F3-7255774E57AA}
		{146A134D-1BAB-4E66-AD40-E31550F6F03D} = {096B4F1D-05D7-431A-A84D-89CF743BA1B8}
	EndGlobalSection
	GlobalSection(ExtensibilityGlobals) = postSolution
		SolutionGuid = {C40D9379-B765-4837-B6B2-B8E76A16F219}
	EndGlobalSection
EndGlobal
